
Microsoft Visual Studio Solution File, Format Version 12.00
# Visual Studio 15
VisualStudioVersion = 15.0.27004.2005
MinimumVisualStudioVersion = 10.0.40219.1
Project("{8BC9CEB8-8B4A-11D0-8D11-00A0C91BC942}") = "enjector-core", "src\enjector-core.vcxproj", "{07DA8B0A-8099-47AE-A729-22E22385B5A3}"
EndProject
Project("{8BC9CEB8-8B4A-11D0-8D11-00A0C91BC942}") = "enjector-core-test", "test\enjector-core-test.vcxproj", "{F9FF7815-B9B0-4FA6-993C-1AA6AA74B9E2}"
	ProjectSection(ProjectDependencies) = postProject
		{07DA8B0A-8099-47AE-A729-22E22385B5A3} = {07DA8B0A-8099-47AE-A729-22E22385B5A3}
	EndProjectSection
EndProject
Global
	GlobalSection(SolutionConfigurationPlatforms) = preSolution
		Debug|x64 = Debug|x64
		Debug|x86 = Debug|x86
		Release|x64 = Release|x64
		Release|x86 = Release|x86
	EndGlobalSection
	GlobalSection(ProjectConfigurationPlatforms) = postSolution
		{07DA8B0A-8099-47AE-A729-22E22385B5A3}.Debug|x64.ActiveCfg = Debug|x64
		{07DA8B0A-8099-47AE-A729-22E22385B5A3}.Debug|x64.Build.0 = Debug|x64
		{07DA8B0A-8099-47AE-A729-22E22385B5A3}.Debug|x86.ActiveCfg = Debug|Win32
		{07DA8B0A-8099-47AE-A729-22E22385B5A3}.Debug|x86.Build.0 = Debug|Win32
		{07DA8B0A-8099-47AE-A729-22E22385B5A3}.Release|x64.ActiveCfg = Release|x64
		{07DA8B0A-8099-47AE-A729-22E22385B5A3}.Release|x64.Build.0 = Release|x64
		{07DA8B0A-8099-47AE-A729-22E22385B5A3}.Release|x86.ActiveCfg = Release|Win32
		{07DA8B0A-8099-47AE-A729-22E22385B5A3}.Release|x86.Build.0 = Release|Win32
		{F9FF7815-B9B0-4FA6-993C-1AA6AA74B9E2}.Debug|x64.ActiveCfg = Debug|x64
		{F9FF7815-B9B0-4FA6-993C-1AA6AA74B9E2}.Debug|x64.Build.0 = Debug|x64
		{F9FF7815-B9B0-4FA6-993C-1AA6AA74B9E2}.Debug|x86.ActiveCfg = Debug|Win32
		{F9FF7815-B9B0-4FA6-993C-1AA6AA74B9E2}.Debug|x86.Build.0 = Debug|Win32
		{F9FF7815-B9B0-4FA6-993C-1AA6AA74B9E2}.Release|x64.ActiveCfg = Release|x64
		{F9FF7815-B9B0-4FA6-993C-1AA6AA74B9E2}.Release|x64.Build.0 = Release|x64
		{F9FF7815-B9B0-4FA6-993C-1AA6AA74B9E2}.Release|x86.ActiveCfg = Release|Win32
		{F9FF7815-B9B0-4FA6-993C-1AA6AA74B9E2}.Release|x86.Build.0 = Release|Win32
	EndGlobalSection
	GlobalSection(SolutionProperties) = preSolution
		HideSolutionNode = FALSE
	EndGlobalSection
	GlobalSection(ExtensibilityGlobals) = postSolution
		SolutionGuid = {C54300E7-CEF2-48A1-8105-0ECA89ADDA5E}
	EndGlobalSection
EndGlobal
